
Microsoft Visual Studio Solution File, Format Version 12.00
# Visual Studio Version 16
VisualStudioVersion = 16.0.30907.101
MinimumVisualStudioVersion = 10.0.40219.1
Project("{FAE04EC0-301F-11D3-BF4B-00C04F79EFBC}") = "MusicReplacer", "MusicReplacer.csproj", "{F6C2FE53-4C66-4C15-97B9-56DCF46CFE03}"
EndProject
Global
	GlobalSection(SolutionConfigurationPlatforms) = preSolution
		Debug|Any CPU = Debug|Any CPU
		Release|Any CPU = Release|Any CPU
	EndGlobalSection
	GlobalSection(ProjectConfigurationPlatforms) = postSolution
		{F6C2FE53-4C66-4C15-97B9-56DCF46CFE03}.Debug|Any CPU.ActiveCfg = Debug|Any CPU
		{F6C2FE53-4C66-4C15-97B9-56DCF46CFE03}.Debug|Any CPU.Build.0 = Debug|Any CPU
		{F6C2FE53-4C66-4C15-97B9-56DCF46CFE03}.Release|Any CPU.ActiveCfg = Release|Any CPU
		{F6C2FE53-4C66-4C15-97B9-56DCF46CFE03}.Release|Any CPU.Build.0 = Release|Any CPU
	EndGlobalSection
	GlobalSection(SolutionProperties) = preSolution
		HideSolutionNode = FALSE
	EndGlobalSection
	GlobalSection(ExtensibilityGlobals) = postSolution
		SolutionGuid = {B628B226-4824-4F79-B4E9-153A63DFDC53}
	EndGlobalSection
EndGlobal
